
Microsoft Visual Studio Solution File, Format Version 12.00
# Visual Studio Version 17
VisualStudioVersion = 17.13.35825.156
MinimumVisualStudioVersion = 10.0.40219.1
Project("{FAE04EC0-301F-11D3-BF4B-00C04F79EFBC}") = "MyPortfolio", "MyPortfolio\MyPortfolio.csproj", "{1A4874E4-3549-428A-9770-E2D03FAF3B3F}"
EndProject
Global
	GlobalSection(SolutionConfigurationPlatforms) = preSolution
		Debug|Any CPU = Debug|Any CPU
		Release|Any CPU = Release|Any CPU
	EndGlobalSection
	GlobalSection(ProjectConfigurationPlatforms) = postSolution
		{1A4874E4-3549-428A-9770-E2D03FAF3B3F}.Debug|Any CPU.ActiveCfg = Debug|Any CPU
		{1A4874E4-3549-428A-9770-E2D03FAF3B3F}.Debug|Any CPU.Build.0 = Debug|Any CPU
		{1A4874E4-3549-428A-9770-E2D03FAF3B3F}.Release|Any CPU.ActiveCfg = Release|Any CPU
		{1A4874E4-3549-428A-9770-E2D03FAF3B3F}.Release|Any CPU.Build.0 = Release|Any CPU
	EndGlobalSection
	GlobalSection(SolutionProperties) = preSolution
		HideSolutionNode = FALSE
	EndGlobalSection
	GlobalSection(ExtensibilityGlobals) = postSolution
		SolutionGuid = {F65196E6-AFBF-4097-9230-885223C39A55}
	EndGlobalSection
EndGlobal
